Microsoft Visual Studio Solution File, Format Version 12.00
# Visual Studio Version 18
VisualStudioVersion = 18.3.11505.172 d18.3
MinimumVisualStudioVersion = 10.0.40219.1
Project("{9A19103F-16F7-4668-BE54-9A1E7A4F7556}") = "ColorChord.NET", "ColorChord.NET\ColorChord.NET.csproj", "{8FD047CD-693D-4D5A-8C1E-802101FCC54E}"
EndProject
Project("{2150E333-8FDC-42A3-9474-1A3956D46DE8}") = "Solution Items", "Solution Items", "{563AD725-2163-4DAF-849D-CEC2B33349DA}"
	ProjectSection(SolutionItems) = preProject
		.editorconfig = .editorconfig
	EndProjectSection
EndProject
Project("{9A19103F-16F7-4668-BE54-9A1E7A4F7556}") = "ColorChord.NET-API", "ColorChord.NET-API\ColorChord.NET-API.csproj", "{2851D19F-7B96-4EA3-8438-90F186C07CC0}"
EndProject
Project("{2150E333-8FDC-42A3-9474-1A3956D46DE8}") = "Extensions", "Extensions", "{9C6DF1A6-92A4-4CC9-99C5-C9CFBECB6E09}"
EndProject
Project("{9A19103F-16F7-4668-BE54-9A1E7A4F7556}") = "UDPReceiverController", "Extensions\UDPReceiverController\UDPReceiverController.csproj", "{D045E5CD-0ADD-4582-B385-9E1CC1D0F752}"
EndProject
Project("{9A19103F-16F7-4668-BE54-9A1E7A4F7556}") = "WindowsController", "Extensions\WindowsController\WindowsController.csproj", "{58EA93DE-89DD-4BBD-9633-9BD3A50A57A2}"
EndProject
Project("{9A19103F-16F7-4668-BE54-9A1E7A4F7556}") = "AudioFileSource", "Extensions\AudioFileSource\AudioFileSource.csproj", "{5B4403E3-7DB6-4ADA-A52F-C80F0E01892A}"
	ProjectSection(ProjectDependencies) = postProject
		{2851D19F-7B96-4EA3-8438-90F186C07CC0} = {2851D19F-7B96-4EA3-8438-90F186C07CC0}
	EndProjectSection
EndProject
Project("{9A19103F-16F7-4668-BE54-9A1E7A4F7556}") = "FileOutputs", "Extensions\ImageOutput\FileOutputs.csproj", "{A1C693C2-8B33-44C8-8A06-F9D1C881FFA1}"
	ProjectSection(ProjectDependencies) = postProject
		{2851D19F-7B96-4EA3-8438-90F186C07CC0} = {2851D19F-7B96-4EA3-8438-90F186C07CC0}
	EndProjectSection
EndProject
Project("{FAE04EC0-301F-11D3-BF4B-00C04F79EFBC}") = "Gen2DFTLib", "Gen2DFTLib\Gen2DFTLib.csproj", "{DD8C6573-7C5B-4FD7-BC18-7E4735C665D3}"
EndProject
Project("{2150E333-8FDC-42A3-9474-1A3956D46DE8}") = "Tests", "Tests", "{02EA681E-C7D8-13C7-8484-4AC65E1B71E8}"
EndProject
Project("{FAE04EC0-301F-11D3-BF4B-00C04F79EFBC}") = "UnitTests", "Tests\UnitTests\UnitTests.csproj", "{9D1DD2CD-7B04-4472-4377-027563F356CA}"
EndProject
Project("{FAE04EC0-301F-11D3-BF4B-00C04F79EFBC}") = "Benchmarks", "Tests\Benchmarks\Benchmarks.csproj", "{5DA8E889-98CF-29ED-F1F6-EA6647177338}"
EndProject
Project("{FAE04EC0-301F-11D3-BF4B-00C04F79EFBC}") = "FFTNoteFinder", "Extensions\FFTNoteFinder\FFTNoteFinder.csproj", "{DDA11E9C-9BAE-4283-B3F5-C667B52E56C3}"
EndProject
Global
	GlobalSection(SolutionConfigurationPlatforms) = preSolution
		Debug|Any CPU = Debug|Any CPU
		Debug|x64 = Debug|x64
		Debug|x86 = Debug|x86
		Release|Any CPU = Release|Any CPU
		Release|x64 = Release|x64
		Release|x86 = Release|x86
	EndGlobalSection
	GlobalSection(ProjectConfigurationPlatforms) = postSolution
		{8FD047CD-693D-4D5A-8C1E-802101FCC54E}.Debug|Any CPU.ActiveCfg = Debug|Any CPU
		{8FD047CD-693D-4D5A-8C1E-802101FCC54E}.Debug|Any CPU.Build.0 = Debug|Any CPU
		{8FD047CD-693D-4D5A-8C1E-802101FCC54E}.Debug|x64.ActiveCfg = Debug|Any CPU
		{8FD047CD-693D-4D5A-8C1E-802101FCC54E}.Debug|x64.Build.0 = Debug|Any CPU
		{8FD047CD-693D-4D5A-8C1E-802101FCC54E}.Debug|x86.ActiveCfg = Debug|Any CPU
		{8FD047CD-693D-4D5A-8C1E-802101FCC54E}.Debug|x86.Build.0 = Debug|Any CPU
		{8FD047CD-693D-4D5A-8C1E-802101FCC54E}.Release|Any CPU.ActiveCfg = Release|Any CPU
		{8FD047CD-693D-4D5A-8C1E-802101FCC54E}.Release|Any CPU.Build.0 = Release|Any CPU
		{8FD047CD-693D-4D5A-8C1E-802101FCC54E}.Release|x64.ActiveCfg = Release|Any CPU
		{8FD047CD-693D-4D5A-8C1E-802101FCC54E}.Release|x64.Build.0 = Release|Any CPU
		{8FD047CD-693D-4D5A-8C1E-802101FCC54E}.Release|x86.ActiveCfg = Release|Any CPU
		{8FD047CD-693D-4D5A-8C1E-802101FCC54E}.Release|x86.Build.0 = Release|Any CPU
		{2851D19F-7B96-4EA3-8438-90F186C07CC0}.Debug|Any CPU.ActiveCfg = Debug|Any CPU
		{2851D19F-7B96-4EA3-8438-90F186C07CC0}.Debug|Any CPU.Build.0 = Debug|Any CPU
		{2851D19F-7B96-4EA3-8438-90F186C07CC0}.Debug|x64.ActiveCfg = Debug|Any CPU
		{2851D19F-7B96-4EA3-8438-90F186C07CC0}.Debug|x64.Build.0 = Debug|Any CPU
		{2851D19F-7B96-4EA3-8438-90F186C07CC0}.Debug|x86.ActiveCfg = Debug|Any CPU
		{2851D19F-7B96-4EA3-8438-90F186C07CC0}.Debug|x86.Build.0 = Debug|Any CPU
		{2851D19F-7B96-4EA3-8438-90F186C07CC0}.Release|Any CPU.ActiveCfg = Release|Any CPU
		{2851D19F-7B96-4EA3-8438-90F186C07CC0}.Release|Any CPU.Build.0 = Release|Any CPU
		{2851D19F-7B96-4EA3-8438-90F186C07CC0}.Release|x64.ActiveCfg = Release|Any CPU
		{2851D19F-7B96-4EA3-8438-90F186C07CC0}.Release|x64.Build.0 = Release|Any CPU
		{2851D19F-7B96-4EA3-8438-90F186C07CC0}.Release|x86.ActiveCfg = Release|Any CPU
		{2851D19F-7B96-4EA3-8438-90F186C07CC0}.Release|x86.Build.0 = Release|Any CPU
		{D045E5CD-0ADD-4582-B385-9E1CC1D0F752}.Debug|Any CPU.ActiveCfg = Debug|Any CPU
		{D045E5CD-0ADD-4582-B385-9E1CC1D0F752}.Debug|Any CPU.Build.0 = Debug|Any CPU
		{D045E5CD-0ADD-4582-B385-9E1CC1D0F752}.Debug|x64.ActiveCfg = Debug|Any CPU
		{D045E5CD-0ADD-4582-B385-9E1CC1D0F752}.Debug|x64.Build.0 = Debug|Any CPU
		{D045E5CD-0ADD-4582-B385-9E1CC1D0F752}.Debug|x86.ActiveCfg = Debug|Any CPU
		{D045E5CD-0ADD-4582-B385-9E1CC1D0F752}.Debug|x86.Build.0 = Debug|Any CPU
		{D045E5CD-0ADD-4582-B385-9E1CC1D0F752}.Release|Any CPU.ActiveCfg = Release|Any CPU
		{D045E5CD-0ADD-4582-B385-9E1CC1D0F752}.Release|Any CPU.Build.0 = Release|Any CPU
		{D045E5CD-0ADD-4582-B385-9E1CC1D0F752}.Release|x64.ActiveCfg = Release|Any CPU
		{D045E5CD-0ADD-4582-B385-9E1CC1D0F752}.Release|x64.Build.0 = Release|Any CPU
		{D045E5CD-0ADD-4582-B385-9E1CC1D0F752}.Release|x86.ActiveCfg = Release|Any CPU
		{D045E5CD-0ADD-4582-B385-9E1CC1D0F752}.Release|x86.Build.0 = Release|Any CPU
		{58EA93DE-89DD-4BBD-9633-9BD3A50A57A2}.Debug|Any CPU.ActiveCfg = Debug|Any CPU
		{58EA93DE-89DD-4BBD-9633-9BD3A50A57A2}.Debug|Any CPU.Build.0 = Debug|Any CPU
		{58EA93DE-89DD-4BBD-9633-9BD3A50A57A2}.Debug|x64.ActiveCfg = Debug|Any CPU
		{58EA93DE-89DD-4BBD-9633-9BD3A50A57A2}.Debug|x64.Build.0 = Debug|Any CPU
		{58EA93DE-89DD-4BBD-9633-9BD3A50A57A2}.Debug|x86.ActiveCfg = Debug|Any CPU
		{58EA93DE-89DD-4BBD-9633-9BD3A50A57A2}.Debug|x86.Build.0 = Debug|Any CPU
		{58EA93DE-89DD-4BBD-9633-9BD3A50A57A2}.Release|Any CPU.ActiveCfg = Release|Any CPU
		{58EA93DE-89DD-4BBD-9633-9BD3A50A57A2}.Release|Any CPU.Build.0 = Release|Any CPU
		{58EA93DE-89DD-4BBD-9633-9BD3A50A57A2}.Release|x64.ActiveCfg = Release|Any CPU
		{58EA93DE-89DD-4BBD-9633-9BD3A50A57A2}.Release|x64.Build.0 = Release|Any CPU
		{58EA93DE-89DD-4BBD-9633-9BD3A50A57A2}.Release|x86.ActiveCfg = Release|Any CPU
		{58EA93DE-89DD-4BBD-9633-9BD3A50A57A2}.Release|x86.Build.0 = Release|Any CPU
		{5B4403E3-7DB6-4ADA-A52F-C80F0E01892A}.Debug|Any CPU.ActiveCfg = Debug|Any CPU
		{5B4403E3-7DB6-4ADA-A52F-C80F0E01892A}.Debug|Any CPU.Build.0 = Debug|Any CPU
		{5B4403E3-7DB6-4ADA-A52F-C80F0E01892A}.Debug|x64.ActiveCfg = Debug|Any CPU
		{5B4403E3-7DB6-4ADA-A52F-C80F0E01892A}.Debug|x64.Build.0 = Debug|Any CPU
		{5B4403E3-7DB6-4ADA-A52F-C80F0E01892A}.Debug|x86.ActiveCfg = Debug|Any CPU
		{5B4403E3-7DB6-4ADA-A52F-C80F0E01892A}.Debug|x86.Build.0 = Debug|Any CPU
		{5B4403E3-7DB6-4ADA-A52F-C80F0E01892A}.Release|Any CPU.ActiveCfg = Release|Any CPU
		{5B4403E3-7DB6-4ADA-A52F-C80F0E01892A}.Release|Any CPU.Build.0 = Release|Any CPU
		{5B4403E3-7DB6-4ADA-A52F-C80F0E01892A}.Release|x64.ActiveCfg = Release|Any CPU
		{5B4403E3-7DB6-4ADA-A52F-C80F0E01892A}.Release|x64.Build.0 = Release|Any CPU
		{5B4403E3-7DB6-4ADA-A52F-C80F0E01892A}.Release|x86.ActiveCfg = Release|Any CPU
		{5B4403E3-7DB6-4ADA-A52F-C80F0E01892A}.Release|x86.Build.0 = Release|Any CPU
		{A1C693C2-8B33-44C8-8A06-F9D1C881FFA1}.Debug|Any CPU.ActiveCfg = Debug|Any CPU
		{A1C693C2-8B33-44C8-8A06-F9D1C881FFA1}.Debug|Any CPU.Build.0 = Debug|Any CPU
		{A1C693C2-8B33-44C8-8A06-F9D1C881FFA1}.Debug|x64.ActiveCfg = Debug|Any CPU
		{A1C693C2-8B33-44C8-8A06-F9D1C881FFA1}.Debug|x64.Build.0 = Debug|Any CPU
		{A1C693C2-8B33-44C8-8A06-F9D1C881FFA1}.Debug|x86.ActiveCfg = Debug|Any CPU
		{A1C693C2-8B33-44C8-8A06-F9D1C881FFA1}.Debug|x86.Build.0 = Debug|Any CPU
		{A1C693C2-8B33-44C8-8A06-F9D1C881FFA1}.Release|Any CPU.ActiveCfg = Release|Any CPU
		{A1C693C2-8B33-44C8-8A06-F9D1C881FFA1}.Release|Any CPU.Build.0 = Release|Any CPU
		{A1C693C2-8B33-44C8-8A06-F9D1C881FFA1}.Release|x64.ActiveCfg = Release|Any CPU
		{A1C693C2-8B33-44C8-8A06-F9D1C881FFA1}.Release|x64.Build.0 = Release|Any CPU
		{A1C693C2-8B33-44C8-8A06-F9D1C881FFA1}.Release|x86.ActiveCfg = Release|Any CPU
		{A1C693C2-8B33-44C8-8A06-F9D1C881FFA1}.Release|x86.Build.0 = Release|Any CPU
		{DD8C6573-7C5B-4FD7-BC18-7E4735C665D3}.Debug|Any CPU.ActiveCfg = Debug|Any CPU
		{DD8C6573-7C5B-4FD7-BC18-7E4735C665D3}.Debug|Any CPU.Build.0 = Debug|Any CPU
		{DD8C6573-7C5B-4FD7-BC18-7E4735C665D3}.Debug|x64.ActiveCfg = Debug|Any CPU
		{DD8C6573-7C5B-4FD7-BC18-7E4735C665D3}.Debug|x64.Build.0 = Debug|Any CPU
		{DD8C6573-7C5B-4FD7-BC18-7E4735C665D3}.Debug|x86.ActiveCfg = Debug|Any CPU
		{DD8C6573-7C5B-4FD7-BC18-7E4735C665D3}.Debug|x86.Build.0 = Debug|Any CPU
		{DD8C6573-7C5B-4FD7-BC18-7E4735C665D3}.Release|Any CPU.ActiveCfg = Release|Any CPU
		{DD8C6573-7C5B-4FD7-BC18-7E4735C665D3}.Release|Any CPU.Build.0 = Release|Any CPU
		{DD8C6573-7C5B-4FD7-BC18-7E4735C665D3}.Release|x64.ActiveCfg = Release|Any CPU
		{DD8C6573-7C5B-4FD7-BC18-7E4735C665D3}.Release|x64.Build.0 = Release|Any CPU
		{DD8C6573-7C5B-4FD7-BC18-7E4735C665D3}.Release|x86.ActiveCfg = Release|Any CPU
		{DD8C6573-7C5B-4FD7-BC18-7E4735C665D3}.Release|x86.Build.0 = Release|Any CPU
		{9D1DD2CD-7B04-4472-4377-027563F356CA}.Debug|Any CPU.ActiveCfg = Debug|Any CPU
		{9D1DD2CD-7B04-4472-4377-027563F356CA}.Debug|Any CPU.Build.0 = Debug|Any CPU
		{9D1DD2CD-7B04-4472-4377-027563F356CA}.Debug|x64.ActiveCfg = Debug|Any CPU
		{9D1DD2CD-7B04-4472-4377-027563F356CA}.Debug|x64.Build.0 = Debug|Any CPU
		{9D1DD2CD-7B04-4472-4377-027563F356CA}.Debug|x86.ActiveCfg = Debug|Any CPU
		{9D1DD2CD-7B04-4472-4377-027563F356CA}.Debug|x86.Build.0 = Debug|Any CPU
		{9D1DD2CD-7B04-4472-4377-027563F356CA}.Release|Any CPU.ActiveCfg = Release|Any CPU
		{9D1DD2CD-7B04-4472-4377-027563F356CA}.Release|Any CPU.Build.0 = Release|Any CPU
		{9D1DD2CD-7B04-4472-4377-027563F356CA}.Release|x64.ActiveCfg = Release|Any CPU
		{9D1DD2CD-7B04-4472-4377-027563F356CA}.Release|x64.Build.0 = Release|Any CPU
		{9D1DD2CD-7B04-4472-4377-027563F356CA}.Release|x86.ActiveCfg = Release|Any CPU
		{9D1DD2CD-7B04-4472-4377-027563F356CA}.Release|x86.Build.0 = Release|Any CPU
		{5DA8E889-98CF-29ED-F1F6-EA6647177338}.Debug|Any CPU.ActiveCfg = Debug|Any CPU
		{5DA8E889-98CF-29ED-F1F6-EA6647177338}.Debug|Any CPU.Build.0 = Debug|Any CPU
		{5DA8E889-98CF-29ED-F1F6-EA6647177338}.Debug|x64.ActiveCfg = Debug|Any CPU
		{5DA8E889-98CF-29ED-F1F6-EA6647177338}.Debug|x64.Build.0 = Debug|Any CPU
		{5DA8E889-98CF-29ED-F1F6-EA6647177338}.Debug|x86.ActiveCfg = Debug|Any CPU
		{5DA8E889-98CF-29ED-F1F6-EA6647177338}.Debug|x86.Build.0 = Debug|Any CPU
		{5DA8E889-98CF-29ED-F1F6-EA6647177338}.Release|Any CPU.ActiveCfg = Release|Any CPU
		{5DA8E889-98CF-29ED-F1F6-EA6647177338}.Release|Any CPU.Build.0 = Release|Any CPU
		{5DA8E889-98CF-29ED-F1F6-EA6647177338}.Release|x64.ActiveCfg = Release|Any CPU
		{5DA8E889-98CF-29ED-F1F6-EA6647177338}.Release|x64.Build.0 = Release|Any CPU
		{5DA8E889-98CF-29ED-F1F6-EA6647177338}.Release|x86.ActiveCfg = Release|Any CPU
		{5DA8E889-98CF-29ED-F1F6-EA6647177338}.Release|x86.Build.0 = Release|Any CPU
		{DDA11E9C-9BAE-4283-B3F5-C667B52E56C3}.Debug|Any CPU.ActiveCfg = Debug|Any CPU
		{DDA11E9C-9BAE-4283-B3F5-C667B52E56C3}.Debug|Any CPU.Build.0 = Debug|Any CPU
		{DDA11E9C-9BAE-4283-B3F5-C667B52E56C3}.Debug|x64.ActiveCfg = Debug|Any CPU
		{DDA11E9C-9BAE-4283-B3F5-C667B52E56C3}.Debug|x64.Build.0 = Debug|Any CPU
		{DDA11E9C-9BAE-4283-B3F5-C667B52E56C3}.Debug|x86.ActiveCfg = Debug|Any CPU
		{DDA11E9C-9BAE-4283-B3F5-C667B52E56C3}.Debug|x86.Build.0 = Debug|Any CPU
		{DDA11E9C-9BAE-4283-B3F5-C667B52E56C3}.Release|Any CPU.ActiveCfg = Release|Any CPU
		{DDA11E9C-9BAE-4283-B3F5-C667B52E56C3}.Release|Any CPU.Build.0 = Release|Any CPU
		{DDA11E9C-9BAE-4283-B3F5-C667B52E56C3}.Release|x64.ActiveCfg = Release|Any CPU
		{DDA11E9C-9BAE-4283-B3F5-C667B52E56C3}.Release|x64.Build.0 = Release|Any CPU
		{DDA11E9C-9BAE-4283-B3F5-C667B52E56C3}.Release|x86.ActiveCfg = Release|Any CPU
		{DDA11E9C-9BAE-4283-B3F5-C667B52E56C3}.Release|x86.Build.0 = Release|Any CPU
	EndGlobalSection
	GlobalSection(SolutionProperties) = preSolution
		HideSolutionNode = FALSE
	EndGlobalSection
	GlobalSection(NestedProjects) = preSolution
		{D045E5CD-0ADD-4582-B385-9E1CC1D0F752} = {9C6DF1A6-92A4-4CC9-99C5-C9CFBECB6E09}
		{58EA93DE-89DD-4BBD-9633-9BD3A50A57A2} = {9C6DF1A6-92A4-4CC9-99C5-C9CFBECB6E09}
		{5B4403E3-7DB6-4ADA-A52F-C80F0E01892A} = {9C6DF1A6-92A4-4CC9-99C5-C9CFBECB6E09}
		{A1C693C2-8B33-44C8-8A06-F9D1C881FFA1} = {9C6DF1A6-92A4-4CC9-99C5-C9CFBECB6E09}
		{9D1DD2CD-7B04-4472-4377-027563F356CA} = {02EA681E-C7D8-13C7-8484-4AC65E1B71E8}
		{5DA8E889-98CF-29ED-F1F6-EA6647177338} = {02EA681E-C7D8-13C7-8484-4AC65E1B71E8}
		{DDA11E9C-9BAE-4283-B3F5-C667B52E56C3} = {9C6DF1A6-92A4-4CC9-99C5-C9CFBECB6E09}
	EndGlobalSection
	GlobalSection(ExtensibilityGlobals) = postSolution
		SolutionGuid = {6679A80E-95B6-4840-BC13-0D43DF7E70FD}
	EndGlobalSection
EndGlobal
